// !$*UTF8*$!
{
	archiveVersion = 1;
	classes = {
	};
	objectVersion = 46;
	objects = {

/* Begin PBXBuildFile section */
		D9CB53B81D19D32C009B0670 /* AppDelegate.swift in Sources */ = {isa = PBXBuildFile; fileRef = D9CB53B71D19D32C009B0670 /* AppDelegate.swift */; };
		D9CB53BA1D19D32C009B0670 /* ViewController.swift in Sources */ = {isa = PBXBuildFile; fileRef = D9CB53B91D19D32C009B0670 /* ViewController.swift */; };
		D9CB53BD1D19D32C009B0670 /* Main.storyboard in Resources */ = {isa = PBXBuildFile; fileRef = D9CB53BB1D19D32C009B0670 /* Main.storyboard */; };
		D9CB53BF1D19D32C009B0670 /* Assets.xcassets in Resources */ = {isa = PBXBuildFile; fileRef = D9CB53BE1D19D32C009B0670 /* Assets.xcassets */; };
		D9CB53C21D19D32C009B0670 /* LaunchScreen.storyboard in Resources */ = {isa = PBXBuildFile; fileRef = D9CB53C01D19D32C009B0670 /* LaunchScreen.storyboard */; };
		D9E59B131D19E7D300A3936A /* pokemon.csv in Resources */ = {isa = PBXBuildFile; fileRef = D9E59B121D19E7D300A3936A /* pokemon.csv */; };
/* End PBXBuildFile section */

/* Begin PBXFileReference section */
		D9CB53B41D19D32C009B0670 /* pokedex.app */ = {isa = PBXFileReference; explicitFileType = wrapper.application; includeInIndex = 0; path = pokedex.app; sourceTree = BUILT_PRODUCTS_DIR; };
		D9CB53B71D19D32C009B0670 /* AppDelegate.swift */ = {isa = PBXFileReference; lastKnownFileType = sourcecode.swift; path = AppDelegate.swift; sourceTree = "<group>"; };
		D9CB53B91D19D32C009B0670 /* ViewController.swift */ = {isa = PBXFileReference; lastKnownFileType = sourcecode.swift; path = ViewController.swift; sourceTree = "<group>"; };
		D9CB53BC1D19D32C009B0670 /* Base */ = {isa = PBXFileReference; lastKnownFileType = file.storyboard; name = Base; path = Base.lproj/Main.storyboard; sourceTree = "<group>"; };
		D9CB53BE1D19D32C009B0670 /* Assets.xcassets */ = {isa = PBXFileReference; lastKnownFileType = folder.assetcatalog; path = Assets.xcassets; sourceTree = "<group>"; };
		D9CB53C11D19D32C009B0670 /* Base */ = {isa = PBXFileReference; lastKnownFileType = file.storyboard; name = Base; path = Base.lproj/LaunchScreen.storyboard; sourceTree = "<group>"; };
		D9CB53C31D19D32C009B0670 /* Info.plist */ = {isa = PBXFileReference; lastKnownFileType = text.plist.xml; path = Info.plist; sourceTree = "<group>"; };
		D9E59B121D19E7D300A3936A /* pokemon.csv */ = {isa = PBXFileReference; fileEncoding = 4; lastKnownFileType = text; path = pokemon.csv; sourceTree = "<group>"; };
/* End PBXFileReference section */

/* Begin PBXFrameworksBuildPhase section */
		D9CB53B11D19D32C009B0670 /* Frameworks */ = {
			isa = PBXFrameworksBuildPhase;
			buildActionMask = 2147483647;
			files = (
			);
			runOnlyForDeploymentPostprocessing = 0;
		};
/* End PBXFrameworksBuildPhase section */

/* Begin PBXGroup section */
		D9CB53AB1D19D32C009B0670 = {
			isa = PBXGroup;
			children = (
				D9CB53B61D19D32C009B0670 /* pokedex */,
				D9CB53B51D19D32C009B0670 /* Products */,
			);
			sourceTree = "<group>";
		};
		D9CB53B51D19D32C009B0670 /* Products */ = {
			isa = PBXGroup;
			children = (
				D9CB53B41D19D32C009B0670 /* pokedex.app */,
			);
			name = Products;
			sourceTree = "<group>";
		};
		D9CB53B61D19D32C009B0670 /* pokedex */ = {
			isa = PBXGroup;
			children = (
				D9CB53B71D19D32C009B0670 /* AppDelegate.swift */,
				D9CB53B91D19D32C009B0670 /* ViewController.swift */,
				D9CB53BB1D19D32C009B0670 /* Main.storyboard */,
				D9CB53BE1D19D32C009B0670 /* Assets.xcassets */,
				D9E59B121D19E7D300A3936A /* pokemon.csv */,
				D9CB53C01D19D32C009B0670 /* LaunchScreen.storyboard */,
				D9CB53C31D19D32C009B0670 /* Info.plist */,
			);
			path = pokedex;
			sourceTree = "<group>";
		};
/* End PBXGroup section */

/* Begin PBXNativeTarget section */
		D9CB53B31D19D32C009B0670 /* pokedex */ = {
			isa = PBXNativeTarget;
			buildConfigurationList = D9CB53C61D19D32C009B0670 /* Build configuration list for PBXNativeTarget "pokedex" */;
			buildPhases = (
				D9CB53B01D19D32C009B0670 /* Sources */,
				D9CB53B11D19D32C009B0670 /* Frameworks */,
				D9CB53B21D19D32C009B0670 /* Resources */,
			);
			buildRules = (
			);
			dependencies = (
			);
			name = pokedex;
			productName = pokedex;
			productReference = D9CB53B41D19D32C009B0670 /* pokedex.app */;
			productType = "com.apple.product-type.application";
		};
/* End PBXNativeTarget section */

/* Begin PBXProject section */
		D9CB53AC1D19D32C009B0670 /* Project object */ = {
			isa = PBXProject;
			attributes = {
				LastSwiftUpdateCheck = 0730;
				LastUpgradeCheck = 0730;
				ORGANIZATIONNAME = Mochi;
				TargetAttributes = {
					D9CB53B31D19D32C009B0670 = {
						CreatedOnToolsVersion = 7.3.1;
					};
				};
			};
			buildConfigurationList = D9CB53AF1D19D32C009B0670 /* Build configuration list for PBXProject "pokedex" */;
			compatibilityVersion = "Xcode 3.2";
			developmentRegion = English;
			hasScannedForEncodings = 0;
			knownRegions = (
				en,
				Base,
			);
			mainGroup = D9CB53AB1D19D32C009B0670;
			productRefGroup = D9CB53B51D19D32C009B0670 /* Products */;
			projectDirPath = "";
			projectRoot = "";
			targets = (
				D9CB53B31D19D32C009B0670 /* pokedex */,
			);
		};
/* End PBXProject section */

/* Begin PBXResourcesBuildPhase section */
		D9CB53B21D19D32C009B0670 /* Resources */ = {
			isa = PBXResourcesBuildPhase;
			buildActionMask = 2147483647;
			files = (
				D9CB53C21D19D32C009B0670 /* LaunchScreen.storyboard in Resources */,
				D9CB53BF1D19D32C009B0670 /* Assets.xcassets in Resources */,
				D9E59B131D19E7D300A3936A /* pokemon.csv in Resources */,
				D9CB53BD1D19D32C009B0670 /* Main.storyboard in Resources */,
			);
			runOnlyForDeploymentPostprocessing = 0;
		};
/* End PBXResourcesBuildPhase section */

/* Begin PBXSourcesBuildPhase section */
		D9CB53B01D19D32C009B0670 /* Sources */ = {
			isa = PBXSourcesBuildPhase;
			buildActionMask = 2147483647;
			files = (
				D9CB53BA1D19D32C009B0670 /* ViewController.swift in Sources */,
				D9CB53B81D19D32C009B0670 /* AppDelegate.swift in Sources */,
			);
			runOnlyForDeploymentPostprocessing = 0;
		};
/* End PBXSourcesBuildPhase section */

/* Begin PBXVariantGroup section */
		D9CB53BB1D19D32C009B0670 /* Main.storyboard */ = {
			isa = PBXVariantGroup;
			children = (
				D9CB53BC1D19D32C009B0670 /* Base */,
			);
			name = Main.storyboard;
			sourceTree = "<group>";
		};
		D9CB53C01D19D32C009B0670 /* LaunchScreen.storyboard */ = {
			isa = PBXVariantGroup;
			children = (
				D9CB53C11D19D32C009B0670 /* Base */,
			);
			name = LaunchScreen.storyboard;
			sourceTree = "<group>";
		};
/* End PBXVariantGroup section */

/* Begin XCBuildConfiguration section */
		D9CB53C41D19D32C009B0670 /* Debug */ = {
			isa = XCBuildConfiguration;
			buildSettings = {
				ALWAYS_SEARCH_USER_PATHS = NO;
				CLANG_ANALYZER_NONNULL = YES;
				CLANG_CXX_LANGUAGE_STANDARD = "gnu++0x";
				CLANG_CXX_LIBRARY = "libc++";
				CLANG_ENABLE_MODULES = YES;
				CLANG_ENABLE_OBJC_ARC = YES;
				CLANG_WARN_BOOL_CONVERSION = YES;
				CLANG_WARN_CONSTANT_CONVERSION = YES;
				CLANG_WARN_DIRECT_OBJC_ISA_USAGE = YES_ERROR;
				CLANG_WARN_EMPTY_BODY = YES;
				CLANG_WARN_ENUM_CONVERSION = YES;
				CLANG_WARN_INT_CONVERSION = YES;
				CLANG_WARN_OBJC_ROOT_CLASS = YES_ERROR;
				CLANG_WARN_UNREACHABLE_CODE = YES;
				CLANG_WARN__DUPLICATE_METHOD_MATCH = YES;
				"CODE_SIGN_IDENTITY[sdk=iphoneos*]" = "iPhone Developer";
				COPY_PHASE_STRIP = NO;
				DEBUG_INFORMATION_FORMAT = dwarf;
				ENABLE_STRICT_OBJC_MSGSEND = YES;
				ENABLE_TESTABILITY = YES;
				GCC_C_LANGUAGE_STANDARD = gnu99;
				GCC_DYNAMIC_NO_PIC = NO;
				GCC_NO_COMMON_BLOCKS = YES;
				GCC_OPTIMIZATION_LEVEL = 0;
				GCC_PREPROCESSOR_DEFINITIONS = (
					"DEBUG=1",
					"$(inherited)",
				);
				GCC_WARN_64_TO_32_BIT_CONVERSION = YES;
				GCC_WARN_ABOUT_RETURN_TYPE = YES_ERROR;
				GCC_WARN_UNDECLARED_SELECTOR = YES;
				GCC_WARN_UNINITIALIZED_AUTOS = YES_AGGRESSIVE;
				GCC_WARN_UNUSED_FUNCTION = YES;
				GCC_WARN_UNUSED_VARIABLE = YES;
				IPHONEOS_DEPLOYMENT_TARGET = 9.3;
				MTL_ENABLE_DEBUG_INFO = YES;
				ONLY_ACTIVE_ARCH = YES;
				SDKROOT = iphoneos;
				SWIFT_OPTIMIZATION_LEVEL = "-Onone";
				TARGETED_DEVICE_FAMILY = "1,2";
			};
			name = Debug;
		};
		D9CB53C51D19D32C009B0670 /* Release */ = {
			isa = XCBuildConfiguration;
			buildSettings = {
				ALWAYS_SEARCH_USER_PATHS = NO;
				CLANG_ANALYZER_NONNULL = YES;
				CLANG_CXX_LANGUAGE_STANDARD = "gnu++0x";
				CLANG_CXX_LIBRARY = "libc++";
				CLANG_ENABLE_MODULES = YES;
				CLANG_ENABLE_OBJC_ARC = YES;
				CLANG_WARN_BOOL_CONVERSION = YES;
				CLANG_WARN_CONSTANT_CONVERSION = YES;
				CLANG_WARN_DIRECT_OBJC_ISA_USAGE = YES_ERROR;
				CLANG_WARN_EMPTY_BODY = YES;
				CLANG_WARN_ENUM_CONVERSION = YES;
				CLANG_WARN_INT_CONVERSION = YES;
				CLANG_WARN_OBJC_ROOT_CLASS = YES_ERROR;
				CLANG_WARN_UNREACHABLE_CODE = YES;
				CLANG_WARN__DUPLICATE_METHOD_MATCH = YES;
				"CODE_SIGN_IDENTITY[sdk=iphoneos*]" = "iPhone Developer";
				COPY_PHASE_STRIP = NO;
				DEBUG_INFORMATION_FORMAT = "dwarf-with-dsym";
				ENABLE_NS_ASSERTIONS = NO;
				ENABLE_STRICT_OBJC_MSGSEND = YES;
				GCC_C_LANGUAGE_STANDARD = gnu99;
				GCC_NO_COMMON_BLOCKS = YES;
				GCC_WARN_64_TO_32_BIT_CONVERSION = YES;
				GCC_WARN_ABOUT_RETURN_TYPE = YES_ERROR;
				GCC_WARN_UNDECLARED_SELECTOR = YES;
				GCC_WARN_UNINITIALIZED_AUTOS = YES_AGGRESSIVE;
				GCC_WARN_UNUSED_FUNCTION = YES;
				GCC_WARN_UNUSED_VARIABLE = YES;
				IPHONEOS_DEPLOYMENT_TARGET = 9.3;
				MTL_ENABLE_DEBUG_INFO = NO;
				SDKROOT = iphoneos;
				TARGETED_DEVICE_FAMILY = "1,2";
				VALIDATE_PRODUCT = YES;
			};
			name = Release;
		};
		D9CB53C71D19D32C009B0670 /* Debug */ = {
			isa = XCBuildConfiguration;
			buildSettings = {
				ASSETCATALOG_COMPILER_APPICON_NAME = AppIcon;
				INFOPLIST_FILE = pokedex/Info.plist;
				LD_RUNPATH_SEARCH_PATHS = "$(inherited) @executable_path/Frameworks";
				PRODUCT_BUNDLE_IDENTIFIER = com.mochi.pokedex;
				PRODUCT_NAME = "$(TARGET_NAME)";
			};
			name = Debug;
		};
		D9CB53C81D19D32C009B0670 /* Release */ = {
			isa = XCBuildConfiguration;
			buildSettings = {
				ASSETCATALOG_COMPILER_APPICON_NAME = AppIcon;
				INFOPLIST_FILE = pokedex/Info.plist;
				LD_RUNPATH_SEARCH_PATHS = "$(inherited) @executable_path/Frameworks";
				PRODUCT_BUNDLE_IDENTIFIER = com.mochi.pokedex;
				PRODUCT_NAME = "$(TARGET_NAME)";
			};
			name = Release;
		};
/* End XCBuildConfiguration section */

/* Begin XCConfigurationList section */
		D9CB53AF1D19D32C009B0670 /* Build configuration list for PBXProject "pokedex" */ = {
			isa = XCConfigurationList;
			buildConfigurations = (
				D9CB53C41D19D32C009B0670 /* Debug */,
				D9CB53C51D19D32C009B0670 /* Release */,
			);
			defaultConfigurationIsVisible = 0;
			defaultConfigurationName = Release;
		};
		D9CB53C61D19D32C009B0670 /* Build configuration list for PBXNativeTarget "pokedex" */ = {
			isa = XCConfigurationList;
			buildConfigurations = (
				D9CB53C71D19D32C009B0670 /* Debug */,
				D9CB53C81D19D32C009B0670 /* Release */,
			);
			defaultConfigurationIsVisible = 0;
			defaultConfigurationName = Release;
		};
/* End XCConfigurationList section */
	};
	rootObject = D9CB53AC1D19D32C009B0670 /* Project object */;
}
